
Microsoft Visual Studio Solution File, Format Version 12.00
# Visual Studio Version 17
VisualStudioVersion = 17.12.35527.113
MinimumVisualStudioVersion = 10.0.40219.1
Project("{2150E333-8FDC-42A3-9474-1A3956D46DE8}") = "Shop", "Shop", "{D7E59328-4A4A-4042-BB2E-2408FBC158BD}"
EndProject
Project("{FAE04EC0-301F-11D3-BF4B-00C04F79EFBC}") = "Shop.Domain", "Shop\Shop.Domain\Shop.Domain.csproj", "{C1CADB52-A51F-4811-B7AD-4CD636570FDD}"
EndProject
Project("{FAE04EC0-301F-11D3-BF4B-00C04F79EFBC}") = "Shop.Application", "Shop\Shop.Application\Shop.Application.csproj", "{930A5634-EF83-45D0-80D8-0CB94665F033}"
EndProject
Project("{FAE04EC0-301F-11D3-BF4B-00C04F79EFBC}") = "Shop.Infrastructure", "Shop\Shop.Infrastructure\Shop.Infrastructure.csproj", "{4149F435-0359-4F42-84F8-BC88C55C0D51}"
EndProject
Project("{FAE04EC0-301F-11D3-BF4B-00C04F79EFBC}") = "Shop.Query", "Shop\Shop.Query\Shop.Query.csproj", "{77CFF20B-F4C2-4179-B917-A5867A60A17F}"
EndProject
Project("{FAE04EC0-301F-11D3-BF4B-00C04F79EFBC}") = "Shop.Presentation.Facade", "Shop\Shop.Presentation.Facade\Shop.Presentation.Facade.csproj", "{46B4BFB2-CB9C-4C19-B3CB-2E1190C42D0B}"
EndProject
Project("{2150E333-8FDC-42A3-9474-1A3956D46DE8}") = "Common", "Common", "{6B254BDD-6FB7-4D9D-8E43-DC9C9AAC96F9}"
EndProject
Project("{FAE04EC0-301F-11D3-BF4B-00C04F79EFBC}") = "Common.Domain", "Common\Common.Domain\Common.Domain.csproj", "{D949C6B1-C36D-4FAB-A55C-66169044C5A1}"
EndProject
Global
	GlobalSection(SolutionConfigurationPlatforms) = preSolution
		Debug|Any CPU = Debug|Any CPU
		Release|Any CPU = Release|Any CPU
	EndGlobalSection
	GlobalSection(ProjectConfigurationPlatforms) = postSolution
		{C1CADB52-A51F-4811-B7AD-4CD636570FDD}.Debug|Any CPU.ActiveCfg = Debug|Any CPU
		{C1CADB52-A51F-4811-B7AD-4CD636570FDD}.Debug|Any CPU.Build.0 = Debug|Any CPU
		{C1CADB52-A51F-4811-B7AD-4CD636570FDD}.Release|Any CPU.ActiveCfg = Release|Any CPU
		{C1CADB52-A51F-4811-B7AD-4CD636570FDD}.Release|Any CPU.Build.0 = Release|Any CPU
		{930A5634-EF83-45D0-80D8-0CB94665F033}.Debug|Any CPU.ActiveCfg = Debug|Any CPU
		{930A5634-EF83-45D0-80D8-0CB94665F033}.Debug|Any CPU.Build.0 = Debug|Any CPU
		{930A5634-EF83-45D0-80D8-0CB94665F033}.Release|Any CPU.ActiveCfg = Release|Any CPU
		{930A5634-EF83-45D0-80D8-0CB94665F033}.Release|Any CPU.Build.0 = Release|Any CPU
		{4149F435-0359-4F42-84F8-BC88C55C0D51}.Debug|Any CPU.ActiveCfg = Debug|Any CPU
		{4149F435-0359-4F42-84F8-BC88C55C0D51}.Debug|Any CPU.Build.0 = Debug|Any CPU
		{4149F435-0359-4F42-84F8-BC88C55C0D51}.Release|Any CPU.ActiveCfg = Release|Any CPU
		{4149F435-0359-4F42-84F8-BC88C55C0D51}.Release|Any CPU.Build.0 = Release|Any CPU
		{77CFF20B-F4C2-4179-B917-A5867A60A17F}.Debug|Any CPU.ActiveCfg = Debug|Any CPU
		{77CFF20B-F4C2-4179-B917-A5867A60A17F}.Debug|Any CPU.Build.0 = Debug|Any CPU
		{77CFF20B-F4C2-4179-B917-A5867A60A17F}.Release|Any CPU.ActiveCfg = Release|Any CPU
		{77CFF20B-F4C2-4179-B917-A5867A60A17F}.Release|Any CPU.Build.0 = Release|Any CPU
		{46B4BFB2-CB9C-4C19-B3CB-2E1190C42D0B}.Debug|Any CPU.ActiveCfg = Debug|Any CPU
		{46B4BFB2-CB9C-4C19-B3CB-2E1190C42D0B}.Debug|Any CPU.Build.0 = Debug|Any CPU
		{46B4BFB2-CB9C-4C19-B3CB-2E1190C42D0B}.Release|Any CPU.ActiveCfg = Release|Any CPU
		{46B4BFB2-CB9C-4C19-B3CB-2E1190C42D0B}.Release|Any CPU.Build.0 = Release|Any CPU
		{D949C6B1-C36D-4FAB-A55C-66169044C5A1}.Debug|Any CPU.ActiveCfg = Debug|Any CPU
		{D949C6B1-C36D-4FAB-A55C-66169044C5A1}.Debug|Any CPU.Build.0 = Debug|Any CPU
		{D949C6B1-C36D-4FAB-A55C-66169044C5A1}.Release|Any CPU.ActiveCfg = Release|Any CPU
		{D949C6B1-C36D-4FAB-A55C-66169044C5A1}.Release|Any CPU.Build.0 = Release|Any CPU
	EndGlobalSection
	GlobalSection(SolutionProperties) = preSolution
		HideSolutionNode = FALSE
	EndGlobalSection
	GlobalSection(NestedProjects) = preSolution
		{C1CADB52-A51F-4811-B7AD-4CD636570FDD} = {D7E59328-4A4A-4042-BB2E-2408FBC158BD}
		{930A5634-EF83-45D0-80D8-0CB94665F033} = {D7E59328-4A4A-4042-BB2E-2408FBC158BD}
		{4149F435-0359-4F42-84F8-BC88C55C0D51} = {D7E59328-4A4A-4042-BB2E-2408FBC158BD}
		{77CFF20B-F4C2-4179-B917-A5867A60A17F} = {D7E59328-4A4A-4042-BB2E-2408FBC158BD}
		{46B4BFB2-CB9C-4C19-B3CB-2E1190C42D0B} = {D7E59328-4A4A-4042-BB2E-2408FBC158BD}
		{D949C6B1-C36D-4FAB-A55C-66169044C5A1} = {6B254BDD-6FB7-4D9D-8E43-DC9C9AAC96F9}
	EndGlobalSection
EndGlobal
